
Microsoft Visual Studio Solution File, Format Version 12.00
# Visual Studio Version 16
VisualStudioVersion = 16.0.29418.71
MinimumVisualStudioVersion = 10.0.40219.1
Project("{FAE04EC0-301F-11D3-BF4B-00C04F79EFBC}") = "Graphen_gui", "Graphen_gui.csproj", "{C9ADA962-2B10-45B7-A56D-3AEA04382435}"
EndProject
Global
	GlobalSection(SolutionConfigurationPlatforms) = preSolution
		Debug|Any CPU = Debug|Any CPU
		Release|Any CPU = Release|Any CPU
	EndGlobalSection
	GlobalSection(ProjectConfigurationPlatforms) = postSolution
		{C9ADA962-2B10-45B7-A56D-3AEA04382435}.Debug|Any CPU.ActiveCfg = Debug|Any CPU
		{C9ADA962-2B10-45B7-A56D-3AEA04382435}.Debug|Any CPU.Build.0 = Debug|Any CPU
		{C9ADA962-2B10-45B7-A56D-3AEA04382435}.Release|Any CPU.ActiveCfg = Release|Any CPU
		{C9ADA962-2B10-45B7-A56D-3AEA04382435}.Release|Any CPU.Build.0 = Release|Any CPU
	EndGlobalSection
	GlobalSection(SolutionProperties) = preSolution
		HideSolutionNode = FALSE
	EndGlobalSection
	GlobalSection(ExtensibilityGlobals) = postSolution
		SolutionGuid = {99E1E25D-7204-4FCA-B86F-9FEF512FABC8}
	EndGlobalSection
EndGlobal
